
Microsoft Visual Studio Solution File, Format Version 12.00
# Visual Studio Version 16
VisualStudioVersion = 16.0.30413.136
MinimumVisualStudioVersion = 10.0.40219.1
Project("{FAE04EC0-301F-11D3-BF4B-00C04F79EFBC}") = "aplicatie.Server", "aplicatie\Server\aplicatie.Server.csproj", "{E895568D-17AE-41A2-A67F-DF959CCAE090}"
EndProject
Project("{FAE04EC0-301F-11D3-BF4B-00C04F79EFBC}") = "aplicatie.Client", "aplicatie\Client\aplicatie.Client.csproj", "{B816CC44-4831-4B3C-B26C-5581686E6050}"
EndProject
Project("{FAE04EC0-301F-11D3-BF4B-00C04F79EFBC}") = "aplicatie.Shared", "aplicatie\Shared\aplicatie.Shared.csproj", "{F941A075-883C-413D-B23F-19A74CABD70C}"
EndProject
Global
	GlobalSection(SolutionConfigurationPlatforms) = preSolution
		Debug|Any CPU = Debug|Any CPU
		Release|Any CPU = Release|Any CPU
	EndGlobalSection
	GlobalSection(ProjectConfigurationPlatforms) = postSolution
		{E895568D-17AE-41A2-A67F-DF959CCAE090}.Debug|Any CPU.ActiveCfg = Debug|Any CPU
		{E895568D-17AE-41A2-A67F-DF959CCAE090}.Debug|Any CPU.Build.0 = Debug|Any CPU
		{E895568D-17AE-41A2-A67F-DF959CCAE090}.Release|Any CPU.ActiveCfg = Release|Any CPU
		{E895568D-17AE-41A2-A67F-DF959CCAE090}.Release|Any CPU.Build.0 = Release|Any CPU
		{B816CC44-4831-4B3C-B26C-5581686E6050}.Debug|Any CPU.ActiveCfg = Debug|Any CPU
		{B816CC44-4831-4B3C-B26C-5581686E6050}.Debug|Any CPU.Build.0 = Debug|Any CPU
		{B816CC44-4831-4B3C-B26C-5581686E6050}.Release|Any CPU.ActiveCfg = Release|Any CPU
		{B816CC44-4831-4B3C-B26C-5581686E6050}.Release|Any CPU.Build.0 = Release|Any CPU
		{F941A075-883C-413D-B23F-19A74CABD70C}.Debug|Any CPU.ActiveCfg = Debug|Any CPU
		{F941A075-883C-413D-B23F-19A74CABD70C}.Debug|Any CPU.Build.0 = Debug|Any CPU
		{F941A075-883C-413D-B23F-19A74CABD70C}.Release|Any CPU.ActiveCfg = Release|Any CPU
		{F941A075-883C-413D-B23F-19A74CABD70C}.Release|Any CPU.Build.0 = Release|Any CPU
	EndGlobalSection
	GlobalSection(SolutionProperties) = preSolution
		HideSolutionNode = FALSE
	EndGlobalSection
	GlobalSection(ExtensibilityGlobals) = postSolution
		SolutionGuid = {6F783006-0AD6-455B-901C-142717326654}
	EndGlobalSection
EndGlobal
